// !$*UTF8*$!
{
	archiveVersion = 1;
	classes = {
	};
	objectVersion = 46;
	objects = {

/* Begin PBXBuildFile section */
		4026D7D9B43A1149BF7A4119 /* libPods-SampleSandbox.a in Frameworks */ = {isa = PBXBuildFile; fileRef = 5F7787AD1A6C123AA9AD842B /* libPods-SampleSandbox.a */; };
		F4061E161CEB928200280CB7 /* AppDelegate.swift in Sources */ = {isa = PBXBuildFile; fileRef = F4061E151CEB928200280CB7 /* AppDelegate.swift */; };
		F4061E181CEB928200280CB7 /* ViewController.swift in Sources */ = {isa = PBXBuildFile; fileRef = F4061E171CEB928200280CB7 /* ViewController.swift */; };
		F4061E1B1CEB928200280CB7 /* Main.storyboard in Resources */ = {isa = PBXBuildFile; fileRef = F4061E191CEB928200280CB7 /* Main.storyboard */; };
		F4061E1D1CEB928200280CB7 /* Assets.xcassets in Resources */ = {isa = PBXBuildFile; fileRef = F4061E1C1CEB928200280CB7 /* Assets.xcassets */; };
		F4061E201CEB928200280CB7 /* LaunchScreen.storyboard in Resources */ = {isa = PBXBuildFile; fileRef = F4061E1E1CEB928200280CB7 /* LaunchScreen.storyboard */; };
		F4061E2B1CEB928200280CB7 /* SampleSandboxTests.swift in Sources */ = {isa = PBXBuildFile; fileRef = F4061E2A1CEB928200280CB7 /* SampleSandboxTests.swift */; };
		F4061E5E1CEB9DFE00280CB7 /* SampleFramework.framework in Frameworks */ = {isa = PBXBuildFile; fileRef = F4061E591CEB9DF300280CB7 /* SampleFramework.framework */; };
/* End PBXBuildFile section */

/* Begin PBXContainerItemProxy section */
		F4061E271CEB928200280CB7 /* PBXContainerItemProxy */ = {
			isa = PBXContainerItemProxy;
			containerPortal = F4061E0A1CEB928200280CB7 /* Project object */;
			proxyType = 1;
			remoteGlobalIDString = F4061E111CEB928200280CB7;
			remoteInfo = SampleSandbox;
		};
		F4061E581CEB9DF300280CB7 /* PBXContainerItemProxy */ = {
			isa = PBXContainerItemProxy;
			containerPortal = F4061E531CEB9DF300280CB7 /* SampleFramework.xcodeproj */;
			proxyType = 2;
			remoteGlobalIDString = F4061DEF1CEB926200280CB7;
			remoteInfo = SampleFramework;
		};
		F4061E5A1CEB9DF300280CB7 /* PBXContainerItemProxy */ = {
			isa = PBXContainerItemProxy;
			containerPortal = F4061E531CEB9DF300280CB7 /* SampleFramework.xcodeproj */;
			proxyType = 2;
			remoteGlobalIDString = F4061DF91CEB926200280CB7;
			remoteInfo = SampleFrameworkTests;
		};
		F4061E5C1CEB9DF900280CB7 /* PBXContainerItemProxy */ = {
			isa = PBXContainerItemProxy;
			containerPortal = F4061E531CEB9DF300280CB7 /* SampleFramework.xcodeproj */;
			proxyType = 1;
			remoteGlobalIDString = F4061DEE1CEB926200280CB7;
			remoteInfo = SampleFramework;
		};
/* End PBXContainerItemProxy section */

/* Begin PBXFileReference section */
		2DB8925E455CF6194B79DA9C /* Pods-SampleSandbox.debug.xcconfig */ = {isa = PBXFileReference; includeInIndex = 1; lastKnownFileType = text.xcconfig; name = "Pods-SampleSandbox.debug.xcconfig"; path = "../Pods/Target Support Files/Pods-SampleSandbox/Pods-SampleSandbox.debug.xcconfig"; sourceTree = "<group>"; };
		5F7787AD1A6C123AA9AD842B /* libPods-SampleSandbox.a */ = {isa = PBXFileReference; explicitFileType = archive.ar; includeInIndex = 0; path = "libPods-SampleSandbox.a"; sourceTree = BUILT_PRODUCTS_DIR; };
		CD91B4E096956DE8F2C7A564 /* Pods-SampleSandbox.release.xcconfig */ = {isa = PBXFileReference; includeInIndex = 1; lastKnownFileType = text.xcconfig; name = "Pods-SampleSandbox.release.xcconfig"; path = "../Pods/Target Support Files/Pods-SampleSandbox/Pods-SampleSandbox.release.xcconfig"; sourceTree = "<group>"; };
		F4061E121CEB928200280CB7 /* SampleSandbox.app */ = {isa = PBXFileReference; explicitFileType = wrapper.application; includeInIndex = 0; path = SampleSandbox.app; sourceTree = BUILT_PRODUCTS_DIR; };
		F4061E151CEB928200280CB7 /* AppDelegate.swift */ = {isa = PBXFileReference; lastKnownFileType = sourcecode.swift; path = AppDelegate.swift; sourceTree = "<group>"; };
		F4061E171CEB928200280CB7 /* ViewController.swift */ = {isa = PBXFileReference; lastKnownFileType = sourcecode.swift; path = ViewController.swift; sourceTree = "<group>"; };
		F4061E1A1CEB928200280CB7 /* Base */ = {isa = PBXFileReference; lastKnownFileType = file.storyboard; name = Base; path = Base.lproj/Main.storyboard; sourceTree = "<group>"; };
		F4061E1C1CEB928200280CB7 /* Assets.xcassets */ = {isa = PBXFileReference; lastKnownFileType = folder.assetcatalog; path = Assets.xcassets; sourceTree = "<group>"; };
		F4061E1F1CEB928200280CB7 /* Base */ = {isa = PBXFileReference; lastKnownFileType = file.storyboard; name = Base; path = Base.lproj/LaunchScreen.storyboard; sourceTree = "<group>"; };
		F4061E211CEB928200280CB7 /* Info.plist */ = {isa = PBXFileReference; lastKnownFileType = text.plist.xml; path = Info.plist; sourceTree = "<group>"; };
		F4061E261CEB928200280CB7 /* SampleSandboxTests.xctest */ = {isa = PBXFileReference; explicitFileType = wrapper.cfbundle; includeInIndex = 0; path = SampleSandboxTests.xctest; sourceTree = BUILT_PRODUCTS_DIR; };
		F4061E2A1CEB928200280CB7 /* SampleSandboxTests.swift */ = {isa = PBXFileReference; lastKnownFileType = sourcecode.swift; path = SampleSandboxTests.swift; sourceTree = "<group>"; };
		F4061E2C1CEB928200280CB7 /* Info.plist */ = {isa = PBXFileReference; lastKnownFileType = text.plist.xml; path = Info.plist; sourceTree = "<group>"; };
		F4061E531CEB9DF300280CB7 /* SampleFramework.xcodeproj */ = {isa = PBXFileReference; lastKnownFileType = "wrapper.pb-project"; name = SampleFramework.xcodeproj; path = ../SampleFramework/SampleFramework.xcodeproj; sourceTree = "<group>"; };
/* End PBXFileReference section */

/* Begin PBXFrameworksBuildPhase section */
		F4061E0F1CEB928200280CB7 /* Frameworks */ = {
			isa = PBXFrameworksBuildPhase;
			buildActionMask = 2147483647;
			files = (
				4026D7D9B43A1149BF7A4119 /* libPods-SampleSandbox.a in Frameworks */,
				F4061E5E1CEB9DFE00280CB7 /* SampleFramework.framework in Frameworks */,
			);
			runOnlyForDeploymentPostprocessing = 0;
		};
		F4061E231CEB928200280CB7 /* Frameworks */ = {
			isa = PBXFrameworksBuildPhase;
			buildActionMask = 2147483647;
			files = (
			);
			runOnlyForDeploymentPostprocessing = 0;
		};
/* End PBXFrameworksBuildPhase section */

/* Begin PBXGroup section */
		132E690EADC6969E8E9626EA /* Frameworks */ = {
			isa = PBXGroup;
			children = (
				5F7787AD1A6C123AA9AD842B /* libPods-SampleSandbox.a */,
			);
			name = Frameworks;
			sourceTree = "<group>";
		};
		8BBCAAC8226BA1991BCDC28A /* Pods */ = {
			isa = PBXGroup;
			children = (
				2DB8925E455CF6194B79DA9C /* Pods-SampleSandbox.debug.xcconfig */,
				CD91B4E096956DE8F2C7A564 /* Pods-SampleSandbox.release.xcconfig */,
			);
			name = Pods;
			sourceTree = "<group>";
		};
		F4061E091CEB928200280CB7 = {
			isa = PBXGroup;
			children = (
				F4061E531CEB9DF300280CB7 /* SampleFramework.xcodeproj */,
				F4061E141CEB928200280CB7 /* SampleSandbox */,
				F4061E291CEB928200280CB7 /* SampleSandboxTests */,
				F4061E131CEB928200280CB7 /* Products */,
				8BBCAAC8226BA1991BCDC28A /* Pods */,
				132E690EADC6969E8E9626EA /* Frameworks */,
			);
			sourceTree = "<group>";
		};
		F4061E131CEB928200280CB7 /* Products */ = {
			isa = PBXGroup;
			children = (
				F4061E121CEB928200280CB7 /* SampleSandbox.app */,
				F4061E261CEB928200280CB7 /* SampleSandboxTests.xctest */,
			);
			name = Products;
			sourceTree = "<group>";
		};
		F4061E141CEB928200280CB7 /* SampleSandbox */ = {
			isa = PBXGroup;
			children = (
				F4061E151CEB928200280CB7 /* AppDelegate.swift */,
				F4061E171CEB928200280CB7 /* ViewController.swift */,
				F4061E191CEB928200280CB7 /* Main.storyboard */,
				F4061E1C1CEB928200280CB7 /* Assets.xcassets */,
				F4061E1E1CEB928200280CB7 /* LaunchScreen.storyboard */,
				F4061E211CEB928200280CB7 /* Info.plist */,
			);
			path = SampleSandbox;
			sourceTree = "<group>";
		};
		F4061E291CEB928200280CB7 /* SampleSandboxTests */ = {
			isa = PBXGroup;
			children = (
				F4061E2A1CEB928200280CB7 /* SampleSandboxTests.swift */,
				F4061E2C1CEB928200280CB7 /* Info.plist */,
			);
			path = SampleSandboxTests;
			sourceTree = "<group>";
		};
		F4061E541CEB9DF300280CB7 /* Products */ = {
			isa = PBXGroup;
			children = (
				F4061E591CEB9DF300280CB7 /* SampleFramework.framework */,
				F4061E5B1CEB9DF300280CB7 /* SampleFrameworkTests.xctest */,
			);
			name = Products;
			sourceTree = "<group>";
		};
/* End PBXGroup section */

/* Begin PBXNativeTarget section */
		F4061E111CEB928200280CB7 /* SampleSandbox */ = {
			isa = PBXNativeTarget;
			buildConfigurationList = F4061E2F1CEB928200280CB7 /* Build configuration list for PBXNativeTarget "SampleSandbox" */;
			buildPhases = (
				E15B83CA6B194AA2C859E978 /* 📦 Check Pods Manifest.lock */,
				F4061E0E1CEB928200280CB7 /* Sources */,
				F4061E0F1CEB928200280CB7 /* Frameworks */,
				F4061E101CEB928200280CB7 /* Resources */,
				9595438412A1710531499C83 /* 📦 Embed Pods Frameworks */,
				6744E4A6EBC7FC1FDA335B5A /* 📦 Copy Pods Resources */,
			);
			buildRules = (
			);
			dependencies = (
				F4061E5D1CEB9DF900280CB7 /* PBXTargetDependency */,
			);
			name = SampleSandbox;
			productName = SampleSandbox;
			productReference = F4061E121CEB928200280CB7 /* SampleSandbox.app */;
			productType = "com.apple.product-type.application";
		};
		F4061E251CEB928200280CB7 /* SampleSandboxTests */ = {
			isa = PBXNativeTarget;
			buildConfigurationList = F4061E321CEB928200280CB7 /* Build configuration list for PBXNativeTarget "SampleSandboxTests" */;
			buildPhases = (
				F4061E221CEB928200280CB7 /* Sources */,
				F4061E231CEB928200280CB7 /* Frameworks */,
				F4061E241CEB928200280CB7 /* Resources */,
			);
			buildRules = (
			);
			dependencies = (
				F4061E281CEB928200280CB7 /* PBXTargetDependency */,
			);
			name = SampleSandboxTests;
			productName = SampleSandboxTests;
			productReference = F4061E261CEB928200280CB7 /* SampleSandboxTests.xctest */;
			productType = "com.apple.product-type.bundle.unit-test";
		};
/* End PBXNativeTarget section */

/* Begin PBXProject section */
		F4061E0A1CEB928200280CB7 /* Project object */ = {
			isa = PBXProject;
			attributes = {
				LastSwiftUpdateCheck = 0730;
				LastUpgradeCheck = 0730;
				ORGANIZATIONNAME = "Aaron Smith";
				TargetAttributes = {
					F4061E111CEB928200280CB7 = {
						CreatedOnToolsVersion = 7.3;
					};
					F4061E251CEB928200280CB7 = {
						CreatedOnToolsVersion = 7.3;
						TestTargetID = F4061E111CEB928200280CB7;
					};
				};
			};
			buildConfigurationList = F4061E0D1CEB928200280CB7 /* Build configuration list for PBXProject "SampleSandbox" */;
			compatibilityVersion = "Xcode 3.2";
			developmentRegion = English;
			hasScannedForEncodings = 0;
			knownRegions = (
				en,
				Base,
			);
			mainGroup = F4061E091CEB928200280CB7;
			productRefGroup = F4061E131CEB928200280CB7 /* Products */;
			projectDirPath = "";
			projectReferences = (
				{
					ProductGroup = F4061E541CEB9DF300280CB7 /* Products */;
					ProjectRef = F4061E531CEB9DF300280CB7 /* SampleFramework.xcodeproj */;
				},
			);
			projectRoot = "";
			targets = (
				F4061E111CEB928200280CB7 /* SampleSandbox */,
				F4061E251CEB928200280CB7 /* SampleSandboxTests */,
			);
		};
/* End PBXProject section */

/* Begin PBXReferenceProxy section */
		F4061E591CEB9DF300280CB7 /* SampleFramework.framework */ = {
			isa = PBXReferenceProxy;
			fileType = wrapper.framework;
			path = SampleFramework.framework;
			remoteRef = F4061E581CEB9DF300280CB7 /* PBXContainerItemProxy */;
			sourceTree = BUILT_PRODUCTS_DIR;
		};
		F4061E5B1CEB9DF300280CB7 /* SampleFrameworkTests.xctest */ = {
			isa = PBXReferenceProxy;
			fileType = wrapper.cfbundle;
			path = SampleFrameworkTests.xctest;
			remoteRef = F4061E5A1CEB9DF300280CB7 /* PBXContainerItemProxy */;
			sourceTree = BUILT_PRODUCTS_DIR;
		};
/* End PBXReferenceProxy section */

/* Begin PBXResourcesBuildPhase section */
		F4061E101CEB928200280CB7 /* Resources */ = {
			isa = PBXResourcesBuildPhase;
			buildActionMask = 2147483647;
			files = (
				F4061E201CEB928200280CB7 /* LaunchScreen.storyboard in Resources */,
				F4061E1D1CEB928200280CB7 /* Assets.xcassets in Resources */,
				F4061E1B1CEB928200280CB7 /* Main.storyboard in Resources */,
			);
			runOnlyForDeploymentPostprocessing = 0;
		};
		F4061E241CEB928200280CB7 /* Resources */ = {
			isa = PBXResourcesBuildPhase;
			buildActionMask = 2147483647;
			files = (
			);
			runOnlyForDeploymentPostprocessing = 0;
		};
/* End PBXResourcesBuildPhase section */

/* Begin PBXShellScriptBuildPhase section */
		6744E4A6EBC7FC1FDA335B5A /* 📦 Copy Pods Resources */ = {
			isa = PBXShellScriptBuildPhase;
			buildActionMask = 2147483647;
			files = (
			);
			inputPaths = (
			);
			name = "📦 Copy Pods Resources";
			outputPaths = (
			);
			runOnlyForDeploymentPostprocessing = 0;
			shellPath = /bin/sh;
			shellScript = "\"${SRCROOT}/../Pods/Target Support Files/Pods-SampleSandbox/Pods-SampleSandbox-resources.sh\"\n";
			showEnvVarsInLog = 0;
		};
		9595438412A1710531499C83 /* 📦 Embed Pods Frameworks */ = {
			isa = PBXShellScriptBuildPhase;
			buildActionMask = 2147483647;
			files = (
			);
			inputPaths = (
			);
			name = "📦 Embed Pods Frameworks";
			outputPaths = (
			);
			runOnlyForDeploymentPostprocessing = 0;
			shellPath = /bin/sh;
			shellScript = "\"${SRCROOT}/../Pods/Target Support Files/Pods-SampleSandbox/Pods-SampleSandbox-frameworks.sh\"\n";
			showEnvVarsInLog = 0;
		};
		E15B83CA6B194AA2C859E978 /* 📦 Check Pods Manifest.lock */ = {
			isa = PBXShellScriptBuildPhase;
			buildActionMask = 2147483647;
			files = (
			);
			inputPaths = (
			);
			name = "📦 Check Pods Manifest.lock";
			outputPaths = (
			);
			runOnlyForDeploymentPostprocessing = 0;
			shellPath = /bin/sh;
			shellScript = "diff \"${PODS_ROOT}/../Podfile.lock\" \"${PODS_ROOT}/Manifest.lock\" > /dev/null\nif [[ $? != 0 ]] ; then\n    cat << EOM\nerror: The sandbox is not in sync with the Podfile.lock. Run 'pod install' or update your CocoaPods installation.\nEOM\n    exit 1\nfi\n";
			showEnvVarsInLog = 0;
		};
/* End PBXShellScriptBuildPhase section */

/* Begin PBXSourcesBuildPhase section */
		F4061E0E1CEB928200280CB7 /* Sources */ = {
			isa = PBXSourcesBuildPhase;
			buildActionMask = 2147483647;
			files = (
				F4061E181CEB928200280CB7 /* ViewController.swift in Sources */,
				F4061E161CEB928200280CB7 /* AppDelegate.swift in Sources */,
			);
			runOnlyForDeploymentPostprocessing = 0;
		};
		F4061E221CEB928200280CB7 /* Sources */ = {
			isa = PBXSourcesBuildPhase;
			buildActionMask = 2147483647;
			files = (
				F4061E2B1CEB928200280CB7 /* SampleSandboxTests.swift in Sources */,
			);
			runOnlyForDeploymentPostprocessing = 0;
		};
/* End PBXSourcesBuildPhase section */

/* Begin PBXTargetDependency section */
		F4061E281CEB928200280CB7 /* PBXTargetDependency */ = {
			isa = PBXTargetDependency;
			target = F4061E111CEB928200280CB7 /* SampleSandbox */;
			targetProxy = F4061E271CEB928200280CB7 /* PBXContainerItemProxy */;
		};
		F4061E5D1CEB9DF900280CB7 /* PBXTargetDependency */ = {
			isa = PBXTargetDependency;
			name = SampleFramework;
			targetProxy = F4061E5C1CEB9DF900280CB7 /* PBXContainerItemProxy */;
		};
/* End PBXTargetDependency section */

/* Begin PBXVariantGroup section */
		F4061E191CEB928200280CB7 /* Main.storyboard */ = {
			isa = PBXVariantGroup;
			children = (
				F4061E1A1CEB928200280CB7 /* Base */,
			);
			name = Main.storyboard;
			sourceTree = "<group>";
		};
		F4061E1E1CEB928200280CB7 /* LaunchScreen.storyboard */ = {
			isa = PBXVariantGroup;
			children = (
				F4061E1F1CEB928200280CB7 /* Base */,
			);
			name = LaunchScreen.storyboard;
			sourceTree = "<group>";
		};
/* End PBXVariantGroup section */

/* Begin XCBuildConfiguration section */
		F4061E2D1CEB928200280CB7 /* Debug */ = {
			isa = XCBuildConfiguration;
			buildSettings = {
				ALWAYS_SEARCH_USER_PATHS = NO;
				CLANG_ANALYZER_NONNULL = YES;
				CLANG_CXX_LANGUAGE_STANDARD = "gnu++0x";
				CLANG_CXX_LIBRARY = "libc++";
				CLANG_ENABLE_MODULES = YES;
				CLANG_ENABLE_OBJC_ARC = YES;
				CLANG_WARN_BOOL_CONVERSION = YES;
				CLANG_WARN_CONSTANT_CONVERSION = YES;
				CLANG_WARN_DIRECT_OBJC_ISA_USAGE = YES_ERROR;
				CLANG_WARN_EMPTY_BODY = YES;
				CLANG_WARN_ENUM_CONVERSION = YES;
				CLANG_WARN_INT_CONVERSION = YES;
				CLANG_WARN_OBJC_ROOT_CLASS = YES_ERROR;
				CLANG_WARN_UNREACHABLE_CODE = YES;
				CLANG_WARN__DUPLICATE_METHOD_MATCH = YES;
				"CODE_SIGN_IDENTITY[sdk=iphoneos*]" = "iPhone Developer";
				COPY_PHASE_STRIP = NO;
				DEBUG_INFORMATION_FORMAT = dwarf;
				ENABLE_STRICT_OBJC_MSGSEND = YES;
				ENABLE_TESTABILITY = YES;
				GCC_C_LANGUAGE_STANDARD = gnu99;
				GCC_DYNAMIC_NO_PIC = NO;
				GCC_NO_COMMON_BLOCKS = YES;
				GCC_OPTIMIZATION_LEVEL = 0;
				GCC_PREPROCESSOR_DEFINITIONS = (
					"DEBUG=1",
					"$(inherited)",
				);
				GCC_WARN_64_TO_32_BIT_CONVERSION = YES;
				GCC_WARN_ABOUT_RETURN_TYPE = YES_ERROR;
				GCC_WARN_UNDECLARED_SELECTOR = YES;
				GCC_WARN_UNINITIALIZED_AUTOS = YES_AGGRESSIVE;
				GCC_WARN_UNUSED_FUNCTION = YES;
				GCC_WARN_UNUSED_VARIABLE = YES;
				IPHONEOS_DEPLOYMENT_TARGET = 9.3;
				MTL_ENABLE_DEBUG_INFO = YES;
				ONLY_ACTIVE_ARCH = YES;
				SDKROOT = iphoneos;
				SWIFT_OPTIMIZATION_LEVEL = "-Onone";
				TARGETED_DEVICE_FAMILY = "1,2";
			};
			name = Debug;
		};
		F4061E2E1CEB928200280CB7 /* Release */ = {
			isa = XCBuildConfiguration;
			buildSettings = {
				ALWAYS_SEARCH_USER_PATHS = NO;
				CLANG_ANALYZER_NONNULL = YES;
				CLANG_CXX_LANGUAGE_STANDARD = "gnu++0x";
				CLANG_CXX_LIBRARY = "libc++";
				CLANG_ENABLE_MODULES = YES;
				CLANG_ENABLE_OBJC_ARC = YES;
				CLANG_WARN_BOOL_CONVERSION = YES;
				CLANG_WARN_CONSTANT_CONVERSION = YES;
				CLANG_WARN_DIRECT_OBJC_ISA_USAGE = YES_ERROR;
				CLANG_WARN_EMPTY_BODY = YES;
				CLANG_WARN_ENUM_CONVERSION = YES;
				CLANG_WARN_INT_CONVERSION = YES;
				CLANG_WARN_OBJC_ROOT_CLASS = YES_ERROR;
				CLANG_WARN_UNREACHABLE_CODE = YES;
				CLANG_WARN__DUPLICATE_METHOD_MATCH = YES;
				"CODE_SIGN_IDENTITY[sdk=iphoneos*]" = "iPhone Developer";
				COPY_PHASE_STRIP = NO;
				DEBUG_INFORMATION_FORMAT = "dwarf-with-dsym";
				ENABLE_NS_ASSERTIONS = NO;
				ENABLE_STRICT_OBJC_MSGSEND = YES;
				GCC_C_LANGUAGE_STANDARD = gnu99;
				GCC_NO_COMMON_BLOCKS = YES;
				GCC_WARN_64_TO_32_BIT_CONVERSION = YES;
				GCC_WARN_ABOUT_RETURN_TYPE = YES_ERROR;
				GCC_WARN_UNDECLARED_SELECTOR = YES;
				GCC_WARN_UNINITIALIZED_AUTOS = YES_AGGRESSIVE;
				GCC_WARN_UNUSED_FUNCTION = YES;
				GCC_WARN_UNUSED_VARIABLE = YES;
				IPHONEOS_DEPLOYMENT_TARGET = 9.3;
				MTL_ENABLE_DEBUG_INFO = NO;
				SDKROOT = iphoneos;
				TARGETED_DEVICE_FAMILY = "1,2";
				VALIDATE_PRODUCT = YES;
			};
			name = Release;
		};
		F4061E301CEB928200280CB7 /* Debug */ = {
			isa = XCBuildConfiguration;
			baseConfigurationReference = 2DB8925E455CF6194B79DA9C /* Pods-SampleSandbox.debug.xcconfig */;
			buildSettings = {
				ASSETCATALOG_COMPILER_APPICON_NAME = AppIcon;
				INFOPLIST_FILE = SampleSandbox/Info.plist;
				LD_RUNPATH_SEARCH_PATHS = "$(inherited) @executable_path/Frameworks";
				PRODUCT_BUNDLE_IDENTIFIER = com.basis.SampleSandbox;
				PRODUCT_NAME = "$(TARGET_NAME)";
			};
			name = Debug;
		};
		F4061E311CEB928200280CB7 /* Release */ = {
			isa = XCBuildConfiguration;
			baseConfigurationReference = CD91B4E096956DE8F2C7A564 /* Pods-SampleSandbox.release.xcconfig */;
			buildSettings = {
				ASSETCATALOG_COMPILER_APPICON_NAME = AppIcon;
				INFOPLIST_FILE = SampleSandbox/Info.plist;
				LD_RUNPATH_SEARCH_PATHS = "$(inherited) @executable_path/Frameworks";
				PRODUCT_BUNDLE_IDENTIFIER = com.basis.SampleSandbox;
				PRODUCT_NAME = "$(TARGET_NAME)";
			};
			name = Release;
		};
		F4061E331CEB928200280CB7 /* Debug */ = {
			isa = XCBuildConfiguration;
			buildSettings = {
				BUNDLE_LOADER = "$(TEST_HOST)";
				INFOPLIST_FILE = SampleSandboxTests/Info.plist;
				LD_RUNPATH_SEARCH_PATHS = "$(inherited) @executable_path/Frameworks @loader_path/Frameworks";
				PRODUCT_BUNDLE_IDENTIFIER = com.basis.SampleSandboxTests;
				PRODUCT_NAME = "$(TARGET_NAME)";
				TEST_HOST = "$(BUILT_PRODUCTS_DIR)/SampleSandbox.app/SampleSandbox";
			};
			name = Debug;
		};
		F4061E341CEB928200280CB7 /* Release */ = {
			isa = XCBuildConfiguration;
			buildSettings = {
				BUNDLE_LOADER = "$(TEST_HOST)";
				INFOPLIST_FILE = SampleSandboxTests/Info.plist;
				LD_RUNPATH_SEARCH_PATHS = "$(inherited) @executable_path/Frameworks @loader_path/Frameworks";
				PRODUCT_BUNDLE_IDENTIFIER = com.basis.SampleSandboxTests;
				PRODUCT_NAME = "$(TARGET_NAME)";
				TEST_HOST = "$(BUILT_PRODUCTS_DIR)/SampleSandbox.app/SampleSandbox";
			};
			name = Release;
		};
/* End XCBuildConfiguration section */

/* Begin XCConfigurationList section */
		F4061E0D1CEB928200280CB7 /* Build configuration list for PBXProject "SampleSandbox" */ = {
			isa = XCConfigurationList;
			buildConfigurations = (
				F4061E2D1CEB928200280CB7 /* Debug */,
				F4061E2E1CEB928200280CB7 /* Release */,
			);
			defaultConfigurationIsVisible = 0;
			defaultConfigurationName = Release;
		};
		F4061E2F1CEB928200280CB7 /* Build configuration list for PBXNativeTarget "SampleSandbox" */ = {
			isa = XCConfigurationList;
			buildConfigurations = (
				F4061E301CEB928200280CB7 /* Debug */,
				F4061E311CEB928200280CB7 /* Release */,
			);
			defaultConfigurationIsVisible = 0;
			defaultConfigurationName = Release;
		};
		F4061E321CEB928200280CB7 /* Build configuration list for PBXNativeTarget "SampleSandboxTests" */ = {
			isa = XCConfigurationList;
			buildConfigurations = (
				F4061E331CEB928200280CB7 /* Debug */,
				F4061E341CEB928200280CB7 /* Release */,
			);
			defaultConfigurationIsVisible = 0;
			defaultConfigurationName = Release;
		};
/* End XCConfigurationList section */
	};
	rootObject = F4061E0A1CEB928200280CB7 /* Project object */;
}
